
Microsoft Visual Studio Solution File, Format Version 12.00
# Visual Studio Version 17
VisualStudioVersion = 17.8.34322.80
MinimumVisualStudioVersion = 10.0.40219.1
Project("{9A19103F-16F7-4668-BE54-9A1E7A4F7556}") = "Application", "src\Application\Application.csproj", "{83FE3C2F-3A5A-4B93-BF68-2D51DA34CE5C}"
EndProject
Project("{9A19103F-16F7-4668-BE54-9A1E7A4F7556}") = "Domain", "src\Domain\Domain.csproj", "{99AE0601-6867-4DF8-9D50-247272EA8E3C}"
EndProject
Project("{9A19103F-16F7-4668-BE54-9A1E7A4F7556}") = "Infrastructure", "src\Infrastructure\Infrastructure.csproj", "{A350B568-64C8-4B11-8C47-2B0DF9DF4F9C}"
EndProject
Project("{9A19103F-16F7-4668-BE54-9A1E7A4F7556}") = "Web", "src\Web\Web.csproj", "{1138903F-E045-481B-85B7-E536DBC40986}"
EndProject
Project("{9A19103F-16F7-4668-BE54-9A1E7A4F7556}") = "Application.FunctionalTests", "tests\Application.FunctionalTests\Application.FunctionalTests.csproj", "{3AE95A0D-177D-4BBF-A69B-3BC7DB730B3C}"
EndProject
Project("{9A19103F-16F7-4668-BE54-9A1E7A4F7556}") = "Application.UnitTests", "tests\Application.UnitTests\Application.UnitTests.csproj", "{A92B89B4-DB9F-48C5-8FDE-835FD3C8381D}"
EndProject
Project("{9A19103F-16F7-4668-BE54-9A1E7A4F7556}") = "Domain.UnitTests", "tests\Domain.UnitTests\Domain.UnitTests.csproj", "{5BBC621D-AD74-43A6-A10D-E7719B9A8E23}"
EndProject
Project("{9A19103F-16F7-4668-BE54-9A1E7A4F7556}") = "Infrastructure.IntegrationTests", "tests\Infrastructure.IntegrationTests\Infrastructure.IntegrationTests.csproj", "{45A81BDF-5CA2-4FB0-AC4B-0F10F0F031AB}"
EndProject
Project("{9A19103F-16F7-4668-BE54-9A1E7A4F7556}") = "Web.AcceptanceTests", "tests\Web.AcceptanceTests\Web.AcceptanceTests.csproj", "{696EC430-E95A-462B-9E72-C778BAD345D3}"
EndProject
Global
	GlobalSection(SolutionConfigurationPlatforms) = preSolution
		Debug|Any CPU = Debug|Any CPU
		Release|Any CPU = Release|Any CPU
	EndGlobalSection
	GlobalSection(ProjectConfigurationPlatforms) = postSolution
		{83FE3C2F-3A5A-4B93-BF68-2D51DA34CE5C}.Debug|Any CPU.ActiveCfg = Debug|Any CPU
		{83FE3C2F-3A5A-4B93-BF68-2D51DA34CE5C}.Debug|Any CPU.Build.0 = Debug|Any CPU
		{83FE3C2F-3A5A-4B93-BF68-2D51DA34CE5C}.Release|Any CPU.ActiveCfg = Release|Any CPU
		{83FE3C2F-3A5A-4B93-BF68-2D51DA34CE5C}.Release|Any CPU.Build.0 = Release|Any CPU
		{99AE0601-6867-4DF8-9D50-247272EA8E3C}.Debug|Any CPU.ActiveCfg = Debug|Any CPU
		{99AE0601-6867-4DF8-9D50-247272EA8E3C}.Debug|Any CPU.Build.0 = Debug|Any CPU
		{99AE0601-6867-4DF8-9D50-247272EA8E3C}.Release|Any CPU.ActiveCfg = Release|Any CPU
		{99AE0601-6867-4DF8-9D50-247272EA8E3C}.Release|Any CPU.Build.0 = Release|Any CPU
		{A350B568-64C8-4B11-8C47-2B0DF9DF4F9C}.Debug|Any CPU.ActiveCfg = Debug|Any CPU
		{A350B568-64C8-4B11-8C47-2B0DF9DF4F9C}.Debug|Any CPU.Build.0 = Debug|Any CPU
		{A350B568-64C8-4B11-8C47-2B0DF9DF4F9C}.Release|Any CPU.ActiveCfg = Release|Any CPU
		{A350B568-64C8-4B11-8C47-2B0DF9DF4F9C}.Release|Any CPU.Build.0 = Release|Any CPU
		{1138903F-E045-481B-85B7-E536DBC40986}.Debug|Any CPU.ActiveCfg = Debug|Any CPU
		{1138903F-E045-481B-85B7-E536DBC40986}.Debug|Any CPU.Build.0 = Debug|Any CPU
		{1138903F-E045-481B-85B7-E536DBC40986}.Release|Any CPU.ActiveCfg = Release|Any CPU
		{1138903F-E045-481B-85B7-E536DBC40986}.Release|Any CPU.Build.0 = Release|Any CPU
		{3AE95A0D-177D-4BBF-A69B-3BC7DB730B3C}.Debug|Any CPU.ActiveCfg = Debug|Any CPU
		{3AE95A0D-177D-4BBF-A69B-3BC7DB730B3C}.Debug|Any CPU.Build.0 = Debug|Any CPU
		{3AE95A0D-177D-4BBF-A69B-3BC7DB730B3C}.Release|Any CPU.ActiveCfg = Release|Any CPU
		{3AE95A0D-177D-4BBF-A69B-3BC7DB730B3C}.Release|Any CPU.Build.0 = Release|Any CPU
		{A92B89B4-DB9F-48C5-8FDE-835FD3C8381D}.Debug|Any CPU.ActiveCfg = Debug|Any CPU
		{A92B89B4-DB9F-48C5-8FDE-835FD3C8381D}.Debug|Any CPU.Build.0 = Debug|Any CPU
		{A92B89B4-DB9F-48C5-8FDE-835FD3C8381D}.Release|Any CPU.ActiveCfg = Release|Any CPU
		{A92B89B4-DB9F-48C5-8FDE-835FD3C8381D}.Release|Any CPU.Build.0 = Release|Any CPU
		{5BBC621D-AD74-43A6-A10D-E7719B9A8E23}.Debug|Any CPU.ActiveCfg = Debug|Any CPU
		{5BBC621D-AD74-43A6-A10D-E7719B9A8E23}.Debug|Any CPU.Build.0 = Debug|Any CPU
		{5BBC621D-AD74-43A6-A10D-E7719B9A8E23}.Release|Any CPU.ActiveCfg = Release|Any CPU
		{5BBC621D-AD74-43A6-A10D-E7719B9A8E23}.Release|Any CPU.Build.0 = Release|Any CPU
		{45A81BDF-5CA2-4FB0-AC4B-0F10F0F031AB}.Debug|Any CPU.ActiveCfg = Debug|Any CPU
		{45A81BDF-5CA2-4FB0-AC4B-0F10F0F031AB}.Debug|Any CPU.Build.0 = Debug|Any CPU
		{45A81BDF-5CA2-4FB0-AC4B-0F10F0F031AB}.Release|Any CPU.ActiveCfg = Release|Any CPU
		{45A81BDF-5CA2-4FB0-AC4B-0F10F0F031AB}.Release|Any CPU.Build.0 = Release|Any CPU
		{696EC430-E95A-462B-9E72-C778BAD345D3}.Debug|Any CPU.ActiveCfg = Debug|Any CPU
		{696EC430-E95A-462B-9E72-C778BAD345D3}.Debug|Any CPU.Build.0 = Debug|Any CPU
		{696EC430-E95A-462B-9E72-C778BAD345D3}.Release|Any CPU.ActiveCfg = Release|Any CPU
		{696EC430-E95A-462B-9E72-C778BAD345D3}.Release|Any CPU.Build.0 = Release|Any CPU
	EndGlobalSection
	GlobalSection(SolutionProperties) = preSolution
		HideSolutionNode = FALSE
	EndGlobalSection
	GlobalSection(ExtensibilityGlobals) = postSolution
		SolutionGuid = {8F5B66AA-E603-4BDA-98F0-4532C2409F96}
	EndGlobalSection
EndGlobal
